
Microsoft Visual Studio Solution File, Format Version 12.00
# Visual Studio 15
VisualStudioVersion = 15.0.36617.4
MinimumVisualStudioVersion = 10.0.40219.1
Project("{8BC9CEB8-8B4A-11D0-8D11-00A0C91BC942}") = "HZL-OpenGL", "HZL-OpenGL\HZL-OpenGL.vcxproj", "{905B356B-A85D-42EF-9A52-4BE5B7FE3C26}"
EndProject
Global
	GlobalSection(SolutionConfigurationPlatforms) = preSolution
		Debug|x64 = Debug|x64
		Debug|x86 = Debug|x86
		Release|x64 = Release|x64
		Release|x86 = Release|x86
	EndGlobalSection
	GlobalSection(ProjectConfigurationPlatforms) = postSolution
		{905B356B-A85D-42EF-9A52-4BE5B7FE3C26}.Debug|x64.ActiveCfg = Debug|x64
		{905B356B-A85D-42EF-9A52-4BE5B7FE3C26}.Debug|x64.Build.0 = Debug|x64
		{905B356B-A85D-42EF-9A52-4BE5B7FE3C26}.Debug|x86.ActiveCfg = Debug|Win32
		{905B356B-A85D-42EF-9A52-4BE5B7FE3C26}.Debug|x86.Build.0 = Debug|Win32
		{905B356B-A85D-42EF-9A52-4BE5B7FE3C26}.Release|x64.ActiveCfg = Release|x64
		{905B356B-A85D-42EF-9A52-4BE5B7FE3C26}.Release|x64.Build.0 = Release|x64
		{905B356B-A85D-42EF-9A52-4BE5B7FE3C26}.Release|x86.ActiveCfg = Release|Win32
		{905B356B-A85D-42EF-9A52-4BE5B7FE3C26}.Release|x86.Build.0 = Release|Win32
	EndGlobalSection
	GlobalSection(SolutionProperties) = preSolution
		HideSolutionNode = FALSE
	EndGlobalSection
	GlobalSection(ExtensibilityGlobals) = postSolution
		SolutionGuid = {BEB16BDD-ADEC-49AB-A59E-CF394E65EA23}
	EndGlobalSection
EndGlobal
